
Microsoft Visual Studio Solution File, Format Version 12.00
# Visual Studio Version 17
VisualStudioVersion = 17.1.32210.238
MinimumVisualStudioVersion = 10.0.40219.1
Project("{8BC9CEB8-8B4A-11D0-8D11-00A0C91BC942}") = "SteamLauncherOptimizer", "SteamLauncherOptimizer\SteamLauncherOptimizer.vcxproj", "{D066D4D7-234C-40DB-816F-6AA7AC2E6ADA}"
EndProject
Global
	GlobalSection(SolutionConfigurationPlatforms) = preSolution
		Debug|x64 = Debug|x64
		Debug|x86 = Debug|x86
		Release|x64 = Release|x64
		Release|x86 = Release|x86
	EndGlobalSection
	GlobalSection(ProjectConfigurationPlatforms) = postSolution
		{D066D4D7-234C-40DB-816F-6AA7AC2E6ADA}.Debug|x64.ActiveCfg = Debug|x64
		{D066D4D7-234C-40DB-816F-6AA7AC2E6ADA}.Debug|x64.Build.0 = Debug|x64
		{D066D4D7-234C-40DB-816F-6AA7AC2E6ADA}.Debug|x86.ActiveCfg = Debug|Win32
		{D066D4D7-234C-40DB-816F-6AA7AC2E6ADA}.Debug|x86.Build.0 = Debug|Win32
		{D066D4D7-234C-40DB-816F-6AA7AC2E6ADA}.Release|x64.ActiveCfg = Release|x64
		{D066D4D7-234C-40DB-816F-6AA7AC2E6ADA}.Release|x64.Build.0 = Release|x64
		{D066D4D7-234C-40DB-816F-6AA7AC2E6ADA}.Release|x86.ActiveCfg = Release|Win32
		{D066D4D7-234C-40DB-816F-6AA7AC2E6ADA}.Release|x86.Build.0 = Release|Win32
	EndGlobalSection
	GlobalSection(SolutionProperties) = preSolution
		HideSolutionNode = FALSE
	EndGlobalSection
	GlobalSection(ExtensibilityGlobals) = postSolution
		SolutionGuid = {AC2FAA2F-5604-4AD7-BF7E-B6F7FEDB49CE}
	EndGlobalSection
EndGlobal
